
Microsoft Visual Studio Solution File, Format Version 12.00
# Visual Studio 15
VisualStudioVersion = 15.0.26124.0
MinimumVisualStudioVersion = 15.0.26124.0
Project("{2150E333-8FDC-42A3-9474-1A3956D46DE8}") = "src", "src", "{4AE46406-7BD3-4D6E-B34A-EF8EF6324974}"
EndProject
Project("{FAE04EC0-301F-11D3-BF4B-00C04F79EFBC}") = "Corenet.Core", "src\Corenet.Core\Corenet.Core.csproj", "{18B7F302-2043-4229-B482-0E89E2F47444}"
EndProject
Project("{2150E333-8FDC-42A3-9474-1A3956D46DE8}") = "test", "test", "{3C791CDD-F339-4685-8617-ED387A38D070}"
EndProject
Project("{FAE04EC0-301F-11D3-BF4B-00C04F79EFBC}") = "Corenet.Core.Tests", "test\Corenet.Core.Tests\Corenet.Core.Tests.csproj", "{874BC031-8416-46DC-926A-0CAA1FE821A6}"
EndProject
Global
	GlobalSection(SolutionConfigurationPlatforms) = preSolution
		Debug|Any CPU = Debug|Any CPU
		Debug|x64 = Debug|x64
		Debug|x86 = Debug|x86
		Release|Any CPU = Release|Any CPU
		Release|x64 = Release|x64
		Release|x86 = Release|x86
	EndGlobalSection
	GlobalSection(SolutionProperties) = preSolution
		HideSolutionNode = FALSE
	EndGlobalSection
	GlobalSection(ProjectConfigurationPlatforms) = postSolution
		{18B7F302-2043-4229-B482-0E89E2F47444}.Debug|Any CPU.ActiveCfg = Debug|Any CPU
		{18B7F302-2043-4229-B482-0E89E2F47444}.Debug|Any CPU.Build.0 = Debug|Any CPU
		{18B7F302-2043-4229-B482-0E89E2F47444}.Debug|x64.ActiveCfg = Debug|Any CPU
		{18B7F302-2043-4229-B482-0E89E2F47444}.Debug|x64.Build.0 = Debug|Any CPU
		{18B7F302-2043-4229-B482-0E89E2F47444}.Debug|x86.ActiveCfg = Debug|Any CPU
		{18B7F302-2043-4229-B482-0E89E2F47444}.Debug|x86.Build.0 = Debug|Any CPU
		{18B7F302-2043-4229-B482-0E89E2F47444}.Release|Any CPU.ActiveCfg = Release|Any CPU
		{18B7F302-2043-4229-B482-0E89E2F47444}.Release|Any CPU.Build.0 = Release|Any CPU
		{18B7F302-2043-4229-B482-0E89E2F47444}.Release|x64.ActiveCfg = Release|Any CPU
		{18B7F302-2043-4229-B482-0E89E2F47444}.Release|x64.Build.0 = Release|Any CPU
		{18B7F302-2043-4229-B482-0E89E2F47444}.Release|x86.ActiveCfg = Release|Any CPU
		{18B7F302-2043-4229-B482-0E89E2F47444}.Release|x86.Build.0 = Release|Any CPU
		{874BC031-8416-46DC-926A-0CAA1FE821A6}.Debug|Any CPU.ActiveCfg = Debug|Any CPU
		{874BC031-8416-46DC-926A-0CAA1FE821A6}.Debug|Any CPU.Build.0 = Debug|Any CPU
		{874BC031-8416-46DC-926A-0CAA1FE821A6}.Debug|x64.ActiveCfg = Debug|Any CPU
		{874BC031-8416-46DC-926A-0CAA1FE821A6}.Debug|x64.Build.0 = Debug|Any CPU
		{874BC031-8416-46DC-926A-0CAA1FE821A6}.Debug|x86.ActiveCfg = Debug|Any CPU
		{874BC031-8416-46DC-926A-0CAA1FE821A6}.Debug|x86.Build.0 = Debug|Any CPU
		{874BC031-8416-46DC-926A-0CAA1FE821A6}.Release|Any CPU.ActiveCfg = Release|Any CPU
		{874BC031-8416-46DC-926A-0CAA1FE821A6}.Release|Any CPU.Build.0 = Release|Any CPU
		{874BC031-8416-46DC-926A-0CAA1FE821A6}.Release|x64.ActiveCfg = Release|Any CPU
		{874BC031-8416-46DC-926A-0CAA1FE821A6}.Release|x64.Build.0 = Release|Any CPU
		{874BC031-8416-46DC-926A-0CAA1FE821A6}.Release|x86.ActiveCfg = Release|Any CPU
		{874BC031-8416-46DC-926A-0CAA1FE821A6}.Release|x86.Build.0 = Release|Any CPU
	EndGlobalSection
	GlobalSection(NestedProjects) = preSolution
		{18B7F302-2043-4229-B482-0E89E2F47444} = {4AE46406-7BD3-4D6E-B34A-EF8EF6324974}
		{874BC031-8416-46DC-926A-0CAA1FE821A6} = {3C791CDD-F339-4685-8617-ED387A38D070}
	EndGlobalSection
EndGlobal
